<?xml version="1.0" encoding="utf-8"?>
<Project ToolsVersion="16.0" xmlns="http://schemas.microsoft.com/developer/msbuild/2003">
  <ItemGroup>
    <ClCompile Include="C:\Users\Rachel Crossland\Desktop\GitHub\CS372.Crossland\apps\assignment02\assignment02.cpp">
      <Filter>Source Files</Filter>
    </ClCompile>
    <ClCompile Include="Bag.cpp" />
    <ClCompile Include="Vector.cpp" />
  </ItemGroup>
  <ItemGroup>
    <CustomBuild Include="C:\Users\Rachel Crossland\Desktop\GitHub\CS372.Crossland\apps\assignment02\CMakeLists.txt" />
  </ItemGroup>
  <ItemGroup>
    <Filter Include="Source Files">
      <UniqueIdentifier>{C25B836C-57E9-38B4-990D-74579CD0B4A1}</UniqueIdentifier>
    </Filter>
  </ItemGroup>
  <ItemGroup>
    <ClInclude Include="Bag.h" />
    <ClInclude Include="Vector.h" />
  </ItemGroup>
</Project>